// !$*UTF8*$!
{
	archiveVersion = 1;
	classes = {
	};
	objectVersion = 51;
	objects = {

/* Begin PBXBuildFile section */
		67A511DB25D4D9133B22605D /* Pods_SenseEar_Project.framework in Frameworks */ = {isa = PBXBuildFile; fileRef = 4EECC2777BDE412F54CDB7D5 /* Pods_SenseEar_Project.framework */; };
		DB0CDD2623D0B0B200DA1708 /* GoogleService-Info.plist in Resources */ = {isa = PBXBuildFile; fileRef = DB0CDD2523D0B0B200DA1708 /* GoogleService-Info.plist */; };
		DB17221623A8E70600CBB8C6 /* CircleButton.swift in Sources */ = {isa = PBXBuildFile; fileRef = DB17221523A8E70600CBB8C6 /* CircleButton.swift */; };
		DB24FB3023D8D7970036C32D /* ViewController+FileManagement.swift in Sources */ = {isa = PBXBuildFile; fileRef = DB24FB2F23D8D7970036C32D /* ViewController+FileManagement.swift */; };
		DB24FB3223D8D8040036C32D /* VoiceController+VoiceRecognition.swift in Sources */ = {isa = PBXBuildFile; fileRef = DB24FB3123D8D8040036C32D /* VoiceController+VoiceRecognition.swift */; };
		DB4214AD239D45CF0073DAFA /* AppDelegate.swift in Sources */ = {isa = PBXBuildFile; fileRef = DB4214AC239D45CF0073DAFA /* AppDelegate.swift */; };
		DB4214AF239D45CF0073DAFA /* SceneDelegate.swift in Sources */ = {isa = PBXBuildFile; fileRef = DB4214AE239D45CF0073DAFA /* SceneDelegate.swift */; };
		DB4214B1239D45CF0073DAFA /* ViewController.swift in Sources */ = {isa = PBXBuildFile; fileRef = DB4214B0239D45CF0073DAFA /* ViewController.swift */; };
		DB4214B4239D45CF0073DAFA /* Main.storyboard in Resources */ = {isa = PBXBuildFile; fileRef = DB4214B2239D45CF0073DAFA /* Main.storyboard */; };
		DB4214B6239D45D00073DAFA /* Assets.xcassets in Resources */ = {isa = PBXBuildFile; fileRef = DB4214B5239D45D00073DAFA /* Assets.xcassets */; };
		DB4214B9239D45D00073DAFA /* LaunchScreen.storyboard in Resources */ = {isa = PBXBuildFile; fileRef = DB4214B7239D45D00073DAFA /* LaunchScreen.storyboard */; };
		DB4214C1239D46E90073DAFA /* GenderSelection.swift in Sources */ = {isa = PBXBuildFile; fileRef = DB4214C0239D46E90073DAFA /* GenderSelection.swift */; };
		DB46BC4023E41EDC006903D4 /* SelectedFileView.xib in Resources */ = {isa = PBXBuildFile; fileRef = DB46BC3F23E41EDC006903D4 /* SelectedFileView.xib */; };
		DB46BC4223E41F35006903D4 /* SelectedFileView.swift in Sources */ = {isa = PBXBuildFile; fileRef = DB46BC4123E41F35006903D4 /* SelectedFileView.swift */; };
		DB60B3D723E488550015DFB7 /* SelectedFileViewModel.swift in Sources */ = {isa = PBXBuildFile; fileRef = DB60B3D623E488550015DFB7 /* SelectedFileViewModel.swift */; };
/* End PBXBuildFile section */

/* Begin PBXFileReference section */
		4EECC2777BDE412F54CDB7D5 /* Pods_SenseEar_Project.framework */ = {isa = PBXFileReference; explicitFileType = wrapper.framework; includeInIndex = 0; path = Pods_SenseEar_Project.framework; sourceTree = BUILT_PRODUCTS_DIR; };
		8374EB9B027846E5A088B10B /* Pods-SenseEar-Project.release.xcconfig */ = {isa = PBXFileReference; includeInIndex = 1; lastKnownFileType = text.xcconfig; name = "Pods-SenseEar-Project.release.xcconfig"; path = "Target Support Files/Pods-SenseEar-Project/Pods-SenseEar-Project.release.xcconfig"; sourceTree = "<group>"; };
		858B6368E8A8D3046C2C1366 /* Pods-SenseEar-Project.debug.xcconfig */ = {isa = PBXFileReference; includeInIndex = 1; lastKnownFileType = text.xcconfig; name = "Pods-SenseEar-Project.debug.xcconfig"; path = "Target Support Files/Pods-SenseEar-Project/Pods-SenseEar-Project.debug.xcconfig"; sourceTree = "<group>"; };
		DB0CDD2523D0B0B200DA1708 /* GoogleService-Info.plist */ = {isa = PBXFileReference; fileEncoding = 4; lastKnownFileType = text.plist.xml; path = "GoogleService-Info.plist"; sourceTree = "<group>"; };
		DB17221523A8E70600CBB8C6 /* CircleButton.swift */ = {isa = PBXFileReference; lastKnownFileType = sourcecode.swift; path = CircleButton.swift; sourceTree = "<group>"; };
		DB24FB2F23D8D7970036C32D /* ViewController+FileManagement.swift */ = {isa = PBXFileReference; lastKnownFileType = sourcecode.swift; path = "ViewController+FileManagement.swift"; sourceTree = "<group>"; };
		DB24FB3123D8D8040036C32D /* VoiceController+VoiceRecognition.swift */ = {isa = PBXFileReference; lastKnownFileType = sourcecode.swift; path = "VoiceController+VoiceRecognition.swift"; sourceTree = "<group>"; };
		DB4214A9239D45CF0073DAFA /* SenseEar-Project.app */ = {isa = PBXFileReference; explicitFileType = wrapper.application; includeInIndex = 0; path = "SenseEar-Project.app"; sourceTree = BUILT_PRODUCTS_DIR; };
		DB4214AC239D45CF0073DAFA /* AppDelegate.swift */ = {isa = PBXFileReference; lastKnownFileType = sourcecode.swift; path = AppDelegate.swift; sourceTree = "<group>"; };
		DB4214AE239D45CF0073DAFA /* SceneDelegate.swift */ = {isa = PBXFileReference; lastKnownFileType = sourcecode.swift; path = SceneDelegate.swift; sourceTree = "<group>"; };
		DB4214B0239D45CF0073DAFA /* ViewController.swift */ = {isa = PBXFileReference; lastKnownFileType = sourcecode.swift; path = ViewController.swift; sourceTree = "<group>"; };
		DB4214B3239D45CF0073DAFA /* Base */ = {isa = PBXFileReference; lastKnownFileType = file.storyboard; name = Base; path = Base.lproj/Main.storyboard; sourceTree = "<group>"; };
		DB4214B5239D45D00073DAFA /* Assets.xcassets */ = {isa = PBXFileReference; lastKnownFileType = folder.assetcatalog; path = Assets.xcassets; sourceTree = "<group>"; };
		DB4214B8239D45D00073DAFA /* Base */ = {isa = PBXFileReference; lastKnownFileType = file.storyboard; name = Base; path = Base.lproj/LaunchScreen.storyboard; sourceTree = "<group>"; };
		DB4214BA239D45D00073DAFA /* Info.plist */ = {isa = PBXFileReference; lastKnownFileType = text.plist.xml; path = Info.plist; sourceTree = "<group>"; };
		DB4214C0239D46E90073DAFA /* GenderSelection.swift */ = {isa = PBXFileReference; lastKnownFileType = sourcecode.swift; path = GenderSelection.swift; sourceTree = "<group>"; };
		DB46BC3F23E41EDC006903D4 /* SelectedFileView.xib */ = {isa = PBXFileReference; lastKnownFileType = file.xib; path = SelectedFileView.xib; sourceTree = "<group>"; };
		DB46BC4123E41F35006903D4 /* SelectedFileView.swift */ = {isa = PBXFileReference; fileEncoding = 4; lastKnownFileType = sourcecode.swift; path = SelectedFileView.swift; sourceTree = "<group>"; };
		DB60B3D623E488550015DFB7 /* SelectedFileViewModel.swift */ = {isa = PBXFileReference; lastKnownFileType = sourcecode.swift; path = SelectedFileViewModel.swift; sourceTree = "<group>"; };
/* End PBXFileReference section */

/* Begin PBXFrameworksBuildPhase section */
		DB4214A6239D45CF0073DAFA /* Frameworks */ = {
			isa = PBXFrameworksBuildPhase;
			buildActionMask = 2147483647;
			files = (
				67A511DB25D4D9133B22605D /* Pods_SenseEar_Project.framework in Frameworks */,
			);
			runOnlyForDeploymentPostprocessing = 0;
		};
/* End PBXFrameworksBuildPhase section */

/* Begin PBXGroup section */
		275A31D3F9D58DCCC80DA4B9 /* Pods */ = {
			isa = PBXGroup;
			children = (
				858B6368E8A8D3046C2C1366 /* Pods-SenseEar-Project.debug.xcconfig */,
				8374EB9B027846E5A088B10B /* Pods-SenseEar-Project.release.xcconfig */,
			);
			path = Pods;
			sourceTree = "<group>";
		};
		D91D570BE667CBB8BB00FBC9 /* Frameworks */ = {
			isa = PBXGroup;
			children = (
				4EECC2777BDE412F54CDB7D5 /* Pods_SenseEar_Project.framework */,
			);
			name = Frameworks;
			sourceTree = "<group>";
		};
		DB17221323A8E65600CBB8C6 /* View */ = {
			isa = PBXGroup;
			children = (
				DB46BC4123E41F35006903D4 /* SelectedFileView.swift */,
				DB17221523A8E70600CBB8C6 /* CircleButton.swift */,
				DB46BC3F23E41EDC006903D4 /* SelectedFileView.xib */,
			);
			path = View;
			sourceTree = "<group>";
		};
		DB17221423A8E66E00CBB8C6 /* Controller */ = {
			isa = PBXGroup;
			children = (
				DB4214B0239D45CF0073DAFA /* ViewController.swift */,
				DB24FB2F23D8D7970036C32D /* ViewController+FileManagement.swift */,
				DB24FB3123D8D8040036C32D /* VoiceController+VoiceRecognition.swift */,
			);
			path = Controller;
			sourceTree = "<group>";
		};
		DB4214A0239D45CF0073DAFA = {
			isa = PBXGroup;
			children = (
				DB4214AB239D45CF0073DAFA /* SenseEar-Project */,
				DB4214AA239D45CF0073DAFA /* Products */,
				275A31D3F9D58DCCC80DA4B9 /* Pods */,
				D91D570BE667CBB8BB00FBC9 /* Frameworks */,
			);
			sourceTree = "<group>";
		};
		DB4214AA239D45CF0073DAFA /* Products */ = {
			isa = PBXGroup;
			children = (
				DB4214A9239D45CF0073DAFA /* SenseEar-Project.app */,
			);
			name = Products;
			sourceTree = "<group>";
		};
		DB4214AB239D45CF0073DAFA /* SenseEar-Project */ = {
			isa = PBXGroup;
			children = (
				DB95B2AD23E41FF000BC109F /* View Model */,
				DB17221323A8E65600CBB8C6 /* View */,
				DB17221423A8E66E00CBB8C6 /* Controller */,
				DB4214AC239D45CF0073DAFA /* AppDelegate.swift */,
				DB4214AE239D45CF0073DAFA /* SceneDelegate.swift */,
				DB4214B2239D45CF0073DAFA /* Main.storyboard */,
				DB4214B5239D45D00073DAFA /* Assets.xcassets */,
				DB4214B7239D45D00073DAFA /* LaunchScreen.storyboard */,
				DB0CDD2523D0B0B200DA1708 /* GoogleService-Info.plist */,
				DB4214BA239D45D00073DAFA /* Info.plist */,
				DB4214C0239D46E90073DAFA /* GenderSelection.swift */,
			);
			path = "SenseEar-Project";
			sourceTree = "<group>";
		};
		DB95B2AD23E41FF000BC109F /* View Model */ = {
			isa = PBXGroup;
			children = (
				DB60B3D623E488550015DFB7 /* SelectedFileViewModel.swift */,
			);
			path = "View Model";
			sourceTree = "<group>";
		};
/* End PBXGroup section */

/* Begin PBXNativeTarget section */
		DB4214A8239D45CF0073DAFA /* SenseEar-Project */ = {
			isa = PBXNativeTarget;
			buildConfigurationList = DB4214BD239D45D00073DAFA /* Build configuration list for PBXNativeTarget "SenseEar-Project" */;
			buildPhases = (
				DB2CBA1E12F4442EC014C66B /* [CP] Check Pods Manifest.lock */,
				DB4214A5239D45CF0073DAFA /* Sources */,
				DB4214A6239D45CF0073DAFA /* Frameworks */,
				DB4214A7239D45CF0073DAFA /* Resources */,
				E637AC0C5AD817219DAB97DA /* [CP] Embed Pods Frameworks */,
				45B6242B790C38A332F3D0ED /* [CP] Copy Pods Resources */,
			);
			buildRules = (
			);
			dependencies = (
			);
			name = "SenseEar-Project";
			productName = "SenseEar-Project";
			productReference = DB4214A9239D45CF0073DAFA /* SenseEar-Project.app */;
			productType = "com.apple.product-type.application";
		};
/* End PBXNativeTarget section */

/* Begin PBXProject section */
		DB4214A1239D45CF0073DAFA /* Project object */ = {
			isa = PBXProject;
			attributes = {
				LastSwiftUpdateCheck = 1120;
				LastUpgradeCheck = 1120;
				ORGANIZATIONNAME = "Lauren Bannon";
				TargetAttributes = {
					DB4214A8239D45CF0073DAFA = {
						CreatedOnToolsVersion = 11.2.1;
					};
				};
			};
			buildConfigurationList = DB4214A4239D45CF0073DAFA /* Build configuration list for PBXProject "SenseEar-Project" */;
			compatibilityVersion = "Xcode 9.3";
			developmentRegion = en;
			hasScannedForEncodings = 0;
			knownRegions = (
				en,
				Base,
			);
			mainGroup = DB4214A0239D45CF0073DAFA;
			productRefGroup = DB4214AA239D45CF0073DAFA /* Products */;
			projectDirPath = "";
			projectRoot = "";
			targets = (
				DB4214A8239D45CF0073DAFA /* SenseEar-Project */,
			);
		};
/* End PBXProject section */

/* Begin PBXResourcesBuildPhase section */
		DB4214A7239D45CF0073DAFA /* Resources */ = {
			isa = PBXResourcesBuildPhase;
			buildActionMask = 2147483647;
			files = (
				DB4214B9239D45D00073DAFA /* LaunchScreen.storyboard in Resources */,
				DB0CDD2623D0B0B200DA1708 /* GoogleService-Info.plist in Resources */,
				DB46BC4023E41EDC006903D4 /* SelectedFileView.xib in Resources */,
				DB4214B6239D45D00073DAFA /* Assets.xcassets in Resources */,
				DB4214B4239D45CF0073DAFA /* Main.storyboard in Resources */,
			);
			runOnlyForDeploymentPostprocessing = 0;
		};
/* End PBXResourcesBuildPhase section */

/* Begin PBXShellScriptBuildPhase section */
		45B6242B790C38A332F3D0ED /* [CP] Copy Pods Resources */ = {
			isa = PBXShellScriptBuildPhase;
			buildActionMask = 2147483647;
			files = (
			);
			inputFileListPaths = (
				"${PODS_ROOT}/Target Support Files/Pods-SenseEar-Project/Pods-SenseEar-Project-resources-${CONFIGURATION}-input-files.xcfilelist",
			);
			name = "[CP] Copy Pods Resources";
			outputFileListPaths = (
				"${PODS_ROOT}/Target Support Files/Pods-SenseEar-Project/Pods-SenseEar-Project-resources-${CONFIGURATION}-output-files.xcfilelist",
			);
			runOnlyForDeploymentPostprocessing = 0;
			shellPath = /bin/sh;
			shellScript = "\"${PODS_ROOT}/Target Support Files/Pods-SenseEar-Project/Pods-SenseEar-Project-resources.sh\"\n";
			showEnvVarsInLog = 0;
		};
		DB2CBA1E12F4442EC014C66B /* [CP] Check Pods Manifest.lock */ = {
			isa = PBXShellScriptBuildPhase;
			buildActionMask = 2147483647;
			files = (
			);
			inputFileListPaths = (
			);
			inputPaths = (
				"${PODS_PODFILE_DIR_PATH}/Podfile.lock",
				"${PODS_ROOT}/Manifest.lock",
			);
			name = "[CP] Check Pods Manifest.lock";
			outputFileListPaths = (
			);
			outputPaths = (
				"$(DERIVED_FILE_DIR)/Pods-SenseEar-Project-checkManifestLockResult.txt",
			);
			runOnlyForDeploymentPostprocessing = 0;
			shellPath = /bin/sh;
			shellScript = "diff \"${PODS_PODFILE_DIR_PATH}/Podfile.lock\" \"${PODS_ROOT}/Manifest.lock\" > /dev/null\nif [ $? != 0 ] ; then\n    # print error to STDERR\n    echo \"error: The sandbox is not in sync with the Podfile.lock. Run 'pod install' or update your CocoaPods installation.\" >&2\n    exit 1\nfi\n# This output is used by Xcode 'outputs' to avoid re-running this script phase.\necho \"SUCCESS\" > \"${SCRIPT_OUTPUT_FILE_0}\"\n";
			showEnvVarsInLog = 0;
		};
		E637AC0C5AD817219DAB97DA /* [CP] Embed Pods Frameworks */ = {
			isa = PBXShellScriptBuildPhase;
			buildActionMask = 2147483647;
			files = (
			);
			inputFileListPaths = (
				"${PODS_ROOT}/Target Support Files/Pods-SenseEar-Project/Pods-SenseEar-Project-frameworks-${CONFIGURATION}-input-files.xcfilelist",
			);
			name = "[CP] Embed Pods Frameworks";
			outputFileListPaths = (
				"${PODS_ROOT}/Target Support Files/Pods-SenseEar-Project/Pods-SenseEar-Project-frameworks-${CONFIGURATION}-output-files.xcfilelist",
			);
			runOnlyForDeploymentPostprocessing = 0;
			shellPath = /bin/sh;
			shellScript = "\"${PODS_ROOT}/Target Support Files/Pods-SenseEar-Project/Pods-SenseEar-Project-frameworks.sh\"\n";
			showEnvVarsInLog = 0;
		};
/* End PBXShellScriptBuildPhase section */

/* Begin PBXSourcesBuildPhase section */
		DB4214A5239D45CF0073DAFA /* Sources */ = {
			isa = PBXSourcesBuildPhase;
			buildActionMask = 2147483647;
			files = (
				DB17221623A8E70600CBB8C6 /* CircleButton.swift in Sources */,
				DB24FB3223D8D8040036C32D /* VoiceController+VoiceRecognition.swift in Sources */,
				DB4214B1239D45CF0073DAFA /* ViewController.swift in Sources */,
				DB4214AD239D45CF0073DAFA /* AppDelegate.swift in Sources */,
				DB4214AF239D45CF0073DAFA /* SceneDelegate.swift in Sources */,
				DB46BC4223E41F35006903D4 /* SelectedFileView.swift in Sources */,
				DB4214C1239D46E90073DAFA /* GenderSelection.swift in Sources */,
				DB60B3D723E488550015DFB7 /* SelectedFileViewModel.swift in Sources */,
				DB24FB3023D8D7970036C32D /* ViewController+FileManagement.swift in Sources */,
			);
			runOnlyForDeploymentPostprocessing = 0;
		};
/* End PBXSourcesBuildPhase section */

/* Begin PBXVariantGroup section */
		DB4214B2239D45CF0073DAFA /* Main.storyboard */ = {
			isa = PBXVariantGroup;
			children = (
				DB4214B3239D45CF0073DAFA /* Base */,
			);
			name = Main.storyboard;
			sourceTree = "<group>";
		};
		DB4214B7239D45D00073DAFA /* LaunchScreen.storyboard */ = {
			isa = PBXVariantGroup;
			children = (
				DB4214B8239D45D00073DAFA /* Base */,
			);
			name = LaunchScreen.storyboard;
			sourceTree = "<group>";
		};
/* End PBXVariantGroup section */

/* Begin XCBuildConfiguration section */
		DB4214BB239D45D00073DAFA /* Debug */ = {
			isa = XCBuildConfiguration;
			buildSettings = {
				ALWAYS_SEARCH_USER_PATHS = NO;
				CLANG_ANALYZER_NONNULL = YES;
				CLANG_ANALYZER_NUMBER_OBJECT_CONVERSION = YES_AGGRESSIVE;
				CLANG_CXX_LANGUAGE_STANDARD = "gnu++14";
				CLANG_CXX_LIBRARY = "libc++";
				CLANG_ENABLE_MODULES = YES;
				CLANG_ENABLE_OBJC_ARC = YES;
				CLANG_ENABLE_OBJC_WEAK = YES;
				CLANG_WARN_BLOCK_CAPTURE_AUTORELEASING = YES;
				CLANG_WARN_BOOL_CONVERSION = YES;
				CLANG_WARN_COMMA = YES;
				CLANG_WARN_CONSTANT_CONVERSION = YES;
				CLANG_WARN_DEPRECATED_OBJC_IMPLEMENTATIONS = YES;
				CLANG_WARN_DIRECT_OBJC_ISA_USAGE = YES_ERROR;
				CLANG_WARN_DOCUMENTATION_COMMENTS = YES;
				CLANG_WARN_EMPTY_BODY = YES;
				CLANG_WARN_ENUM_CONVERSION = YES;
				CLANG_WARN_INFINITE_RECURSION = YES;
				CLANG_WARN_INT_CONVERSION = YES;
				CLANG_WARN_NON_LITERAL_NULL_CONVERSION = YES;
				CLANG_WARN_OBJC_IMPLICIT_RETAIN_SELF = YES;
				CLANG_WARN_OBJC_LITERAL_CONVERSION = YES;
				CLANG_WARN_OBJC_ROOT_CLASS = YES_ERROR;
				CLANG_WARN_RANGE_LOOP_ANALYSIS = YES;
				CLANG_WARN_STRICT_PROTOTYPES = YES;
				CLANG_WARN_SUSPICIOUS_MOVE = YES;
				CLANG_WARN_UNGUARDED_AVAILABILITY = YES_AGGRESSIVE;
				CLANG_WARN_UNREACHABLE_CODE = YES;
				CLANG_WARN__DUPLICATE_METHOD_MATCH = YES;
				COPY_PHASE_STRIP = NO;
				DEBUG_INFORMATION_FORMAT = dwarf;
				ENABLE_STRICT_OBJC_MSGSEND = YES;
				ENABLE_TESTABILITY = YES;
				GCC_C_LANGUAGE_STANDARD = gnu11;
				GCC_DYNAMIC_NO_PIC = NO;
				GCC_NO_COMMON_BLOCKS = YES;
				GCC_OPTIMIZATION_LEVEL = 0;
				GCC_PREPROCESSOR_DEFINITIONS = (
					"DEBUG=1",
					"$(inherited)",
				);
				GCC_WARN_64_TO_32_BIT_CONVERSION = YES;
				GCC_WARN_ABOUT_RETURN_TYPE = YES_ERROR;
				GCC_WARN_UNDECLARED_SELECTOR = YES;
				GCC_WARN_UNINITIALIZED_AUTOS = YES_AGGRESSIVE;
				GCC_WARN_UNUSED_FUNCTION = YES;
				GCC_WARN_UNUSED_VARIABLE = YES;
				IPHONEOS_DEPLOYMENT_TARGET = 13.2;
				MTL_ENABLE_DEBUG_INFO = INCLUDE_SOURCE;
				MTL_FAST_MATH = YES;
				ONLY_ACTIVE_ARCH = YES;
				SDKROOT = iphoneos;
				SWIFT_ACTIVE_COMPILATION_CONDITIONS = DEBUG;
				SWIFT_OPTIMIZATION_LEVEL = "-Onone";
			};
			name = Debug;
		};
		DB4214BC239D45D00073DAFA /* Release */ = {
			isa = XCBuildConfiguration;
			buildSettings = {
				ALWAYS_SEARCH_USER_PATHS = NO;
				CLANG_ANALYZER_NONNULL = YES;
				CLANG_ANALYZER_NUMBER_OBJECT_CONVERSION = YES_AGGRESSIVE;
				CLANG_CXX_LANGUAGE_STANDARD = "gnu++14";
				CLANG_CXX_LIBRARY = "libc++";
				CLANG_ENABLE_MODULES = YES;
				CLANG_ENABLE_OBJC_ARC = YES;
				CLANG_ENABLE_OBJC_WEAK = YES;
				CLANG_WARN_BLOCK_CAPTURE_AUTORELEASING = YES;
				CLANG_WARN_BOOL_CONVERSION = YES;
				CLANG_WARN_COMMA = YES;
				CLANG_WARN_CONSTANT_CONVERSION = YES;
				CLANG_WARN_DEPRECATED_OBJC_IMPLEMENTATIONS = YES;
				CLANG_WARN_DIRECT_OBJC_ISA_USAGE = YES_ERROR;
				CLANG_WARN_DOCUMENTATION_COMMENTS = YES;
				CLANG_WARN_EMPTY_BODY = YES;
				CLANG_WARN_ENUM_CONVERSION = YES;
				CLANG_WARN_INFINITE_RECURSION = YES;
				CLANG_WARN_INT_CONVERSION = YES;
				CLANG_WARN_NON_LITERAL_NULL_CONVERSION = YES;
				CLANG_WARN_OBJC_IMPLICIT_RETAIN_SELF = YES;
				CLANG_WARN_OBJC_LITERAL_CONVERSION = YES;
				CLANG_WARN_OBJC_ROOT_CLASS = YES_ERROR;
				CLANG_WARN_RANGE_LOOP_ANALYSIS = YES;
				CLANG_WARN_STRICT_PROTOTYPES = YES;
				CLANG_WARN_SUSPICIOUS_MOVE = YES;
				CLANG_WARN_UNGUARDED_AVAILABILITY = YES_AGGRESSIVE;
				CLANG_WARN_UNREACHABLE_CODE = YES;
				CLANG_WARN__DUPLICATE_METHOD_MATCH = YES;
				COPY_PHASE_STRIP = NO;
				DEBUG_INFORMATION_FORMAT = "dwarf-with-dsym";
				ENABLE_NS_ASSERTIONS = NO;
				ENABLE_STRICT_OBJC_MSGSEND = YES;
				GCC_C_LANGUAGE_STANDARD = gnu11;
				GCC_NO_COMMON_BLOCKS = YES;
				GCC_WARN_64_TO_32_BIT_CONVERSION = YES;
				GCC_WARN_ABOUT_RETURN_TYPE = YES_ERROR;
				GCC_WARN_UNDECLARED_SELECTOR = YES;
				GCC_WARN_UNINITIALIZED_AUTOS = YES_AGGRESSIVE;
				GCC_WARN_UNUSED_FUNCTION = YES;
				GCC_WARN_UNUSED_VARIABLE = YES;
				IPHONEOS_DEPLOYMENT_TARGET = 13.2;
				MTL_ENABLE_DEBUG_INFO = NO;
				MTL_FAST_MATH = YES;
				SDKROOT = iphoneos;
				SWIFT_COMPILATION_MODE = wholemodule;
				SWIFT_OPTIMIZATION_LEVEL = "-O";
				VALIDATE_PRODUCT = YES;
			};
			name = Release;
		};
		DB4214BE239D45D00073DAFA /* Debug */ = {
			isa = XCBuildConfiguration;
			baseConfigurationReference = 858B6368E8A8D3046C2C1366 /* Pods-SenseEar-Project.debug.xcconfig */;
			buildSettings = {
				ASSETCATALOG_COMPILER_APPICON_NAME = AppIcon;
				CODE_SIGN_STYLE = Automatic;
				DEVELOPMENT_TEAM = 56AK266L9G;
				INFOPLIST_FILE = "SenseEar-Project/Info.plist";
				IPHONEOS_DEPLOYMENT_TARGET = 13.1;
				LD_RUNPATH_SEARCH_PATHS = (
					"$(inherited)",
					"@executable_path/Frameworks",
				);
				PRODUCT_BUNDLE_IDENTIFIER = "lauren.com.SenseEar-Project";
				PRODUCT_NAME = "$(TARGET_NAME)";
				SWIFT_VERSION = 5.0;
				TARGETED_DEVICE_FAMILY = "1,2";
			};
			name = Debug;
		};
		DB4214BF239D45D00073DAFA /* Release */ = {
			isa = XCBuildConfiguration;
			baseConfigurationReference = 8374EB9B027846E5A088B10B /* Pods-SenseEar-Project.release.xcconfig */;
			buildSettings = {
				ASSETCATALOG_COMPILER_APPICON_NAME = AppIcon;
				CODE_SIGN_STYLE = Automatic;
				DEVELOPMENT_TEAM = 56AK266L9G;
				INFOPLIST_FILE = "SenseEar-Project/Info.plist";
				IPHONEOS_DEPLOYMENT_TARGET = 13.1;
				LD_RUNPATH_SEARCH_PATHS = (
					"$(inherited)",
					"@executable_path/Frameworks",
				);
				PRODUCT_BUNDLE_IDENTIFIER = "lauren.com.SenseEar-Project";
				PRODUCT_NAME = "$(TARGET_NAME)";
				SWIFT_VERSION = 5.0;
				TARGETED_DEVICE_FAMILY = "1,2";
			};
			name = Release;
		};
/* End XCBuildConfiguration section */

/* Begin XCConfigurationList section */
		DB4214A4239D45CF0073DAFA /* Build configuration list for PBXProject "SenseEar-Project" */ = {
			isa = XCConfigurationList;
			buildConfigurations = (
				DB4214BB239D45D00073DAFA /* Debug */,
				DB4214BC239D45D00073DAFA /* Release */,
			);
			defaultConfigurationIsVisible = 0;
			defaultConfigurationName = Release;
		};
		DB4214BD239D45D00073DAFA /* Build configuration list for PBXNativeTarget "SenseEar-Project" */ = {
			isa = XCConfigurationList;
			buildConfigurations = (
				DB4214BE239D45D00073DAFA /* Debug */,
				DB4214BF239D45D00073DAFA /* Release */,
			);
			defaultConfigurationIsVisible = 0;
			defaultConfigurationName = Release;
		};
/* End XCConfigurationList section */
	};
	rootObject = DB4214A1239D45CF0073DAFA /* Project object */;
}
